
Microsoft Visual Studio Solution File, Format Version 12.00
# Visual Studio Version 17
VisualStudioVersion = 17.8.34511.84
MinimumVisualStudioVersion = 10.0.40219.1
Project("{FAE04EC0-301F-11D3-BF4B-00C04F79EFBC}") = "FirstWebApplication1", "FirstWebApplication1\FirstWebApplication1.csproj", "{2A71B1D7-F587-409A-BE46-8E828C356310}"
EndProject
Global
	GlobalSection(SolutionConfigurationPlatforms) = preSolution
		Debug|Any CPU = Debug|Any CPU
		Release|Any CPU = Release|Any CPU
	EndGlobalSection
	GlobalSection(ProjectConfigurationPlatforms) = postSolution
		{2A71B1D7-F587-409A-BE46-8E828C356310}.Debug|Any CPU.ActiveCfg = Debug|Any CPU
		{2A71B1D7-F587-409A-BE46-8E828C356310}.Debug|Any CPU.Build.0 = Debug|Any CPU
		{2A71B1D7-F587-409A-BE46-8E828C356310}.Release|Any CPU.ActiveCfg = Release|Any CPU
		{2A71B1D7-F587-409A-BE46-8E828C356310}.Release|Any CPU.Build.0 = Release|Any CPU
	EndGlobalSection
	GlobalSection(SolutionProperties) = preSolution
		HideSolutionNode = FALSE
	EndGlobalSection
	GlobalSection(ExtensibilityGlobals) = postSolution
		SolutionGuid = {F9BC031A-54A6-4162-BBC7-A9416DCBAAE6}
	EndGlobalSection
EndGlobal
